
Microsoft Visual Studio Solution File, Format Version 12.00
# Visual Studio Version 17
VisualStudioVersion = 17.13.35913.81
MinimumVisualStudioVersion = 10.0.40219.1
Project("{2150E333-8FDC-42A3-9474-1A3956D46DE8}") = "src", "src", "{02EA681E-C7D8-13C7-8484-4AC65E1B71E8}"
EndProject
Project("{2150E333-8FDC-42A3-9474-1A3956D46DE8}") = "test", "test", "{7A8D72B8-9F9D-4AC5-A014-227972876AD5}"
EndProject
Project("{2150E333-8FDC-42A3-9474-1A3956D46DE8}") = "Core", "Core", "{B81A9462-30C5-4D99-A5ED-868B825E9A9A}"
EndProject
Project("{2150E333-8FDC-42A3-9474-1A3956D46DE8}") = "Ui", "Ui", "{FE155F2E-7FB4-4787-B49F-1A77FA3A2221}"
EndProject
Project("{2150E333-8FDC-42A3-9474-1A3956D46DE8}") = "API", "API", "{0A7E81B5-C574-4544-B485-776B9D93D598}"
EndProject
Project("{2150E333-8FDC-42A3-9474-1A3956D46DE8}") = "Infrastructure", "Infrastructure", "{F91981AB-4FFA-4984-A9F6-929751E8144F}"
EndProject
Project("{FAE04EC0-301F-11D3-BF4B-00C04F79EFBC}") = "HRLeaveManagement.Domain", "HRLeaveManagement.Domain\HRLeaveManagement.Domain.csproj", "{8D05C5A2-D032-4F2D-A6C9-4FC5238CA6E7}"
EndProject
Project("{FAE04EC0-301F-11D3-BF4B-00C04F79EFBC}") = "HRLeaveManagement.Application", "HRLeaveManagement.Application\HRLeaveManagement.Application.csproj", "{275B01EC-64F9-4DD5-A7C3-CD809293928A}"
EndProject
Project("{FAE04EC0-301F-11D3-BF4B-00C04F79EFBC}") = "HRLeaveManagement.Persistence", "HRLeaveManagement.Persistence\HRLeaveManagement.Persistence.csproj", "{72F4C486-36EF-4FBA-8D13-083D1940764C}"
EndProject
Project("{FAE04EC0-301F-11D3-BF4B-00C04F79EFBC}") = "HRLeaveManagement.Infrastructure", "HRLeaveManagement.Infrastructure\HRLeaveManagement.Infrastructure.csproj", "{C3477917-C1F7-470E-B2EF-B5C192CDBAC8}"
EndProject
Project("{FAE04EC0-301F-11D3-BF4B-00C04F79EFBC}") = "HRLeaveManagement.Api", "HRLeaveManagement.Api\HRLeaveManagement.Api.csproj", "{8D8F6EA1-1ADC-4160-B0DF-D2142D7947D2}"
EndProject
Project("{FAE04EC0-301F-11D3-BF4B-00C04F79EFBC}") = "HRLeaveManagement.Applications.UnitTests", "HRLeaveManagement.Applications.UnitTests\HRLeaveManagement.Applications.UnitTests.csproj", "{2940152C-964E-4C2A-88B3-5E4A5A9CACDB}"
EndProject
Global
	GlobalSection(SolutionConfigurationPlatforms) = preSolution
		Debug|Any CPU = Debug|Any CPU
		Release|Any CPU = Release|Any CPU
	EndGlobalSection
	GlobalSection(ProjectConfigurationPlatforms) = postSolution
		{8D05C5A2-D032-4F2D-A6C9-4FC5238CA6E7}.Debug|Any CPU.ActiveCfg = Debug|Any CPU
		{8D05C5A2-D032-4F2D-A6C9-4FC5238CA6E7}.Debug|Any CPU.Build.0 = Debug|Any CPU
		{8D05C5A2-D032-4F2D-A6C9-4FC5238CA6E7}.Release|Any CPU.ActiveCfg = Release|Any CPU
		{8D05C5A2-D032-4F2D-A6C9-4FC5238CA6E7}.Release|Any CPU.Build.0 = Release|Any CPU
		{275B01EC-64F9-4DD5-A7C3-CD809293928A}.Debug|Any CPU.ActiveCfg = Debug|Any CPU
		{275B01EC-64F9-4DD5-A7C3-CD809293928A}.Debug|Any CPU.Build.0 = Debug|Any CPU
		{275B01EC-64F9-4DD5-A7C3-CD809293928A}.Release|Any CPU.ActiveCfg = Release|Any CPU
		{275B01EC-64F9-4DD5-A7C3-CD809293928A}.Release|Any CPU.Build.0 = Release|Any CPU
		{72F4C486-36EF-4FBA-8D13-083D1940764C}.Debug|Any CPU.ActiveCfg = Debug|Any CPU
		{72F4C486-36EF-4FBA-8D13-083D1940764C}.Debug|Any CPU.Build.0 = Debug|Any CPU
		{72F4C486-36EF-4FBA-8D13-083D1940764C}.Release|Any CPU.ActiveCfg = Release|Any CPU
		{72F4C486-36EF-4FBA-8D13-083D1940764C}.Release|Any CPU.Build.0 = Release|Any CPU
		{C3477917-C1F7-470E-B2EF-B5C192CDBAC8}.Debug|Any CPU.ActiveCfg = Debug|Any CPU
		{C3477917-C1F7-470E-B2EF-B5C192CDBAC8}.Debug|Any CPU.Build.0 = Debug|Any CPU
		{C3477917-C1F7-470E-B2EF-B5C192CDBAC8}.Release|Any CPU.ActiveCfg = Release|Any CPU
		{C3477917-C1F7-470E-B2EF-B5C192CDBAC8}.Release|Any CPU.Build.0 = Release|Any CPU
		{8D8F6EA1-1ADC-4160-B0DF-D2142D7947D2}.Debug|Any CPU.ActiveCfg = Debug|Any CPU
		{8D8F6EA1-1ADC-4160-B0DF-D2142D7947D2}.Debug|Any CPU.Build.0 = Debug|Any CPU
		{8D8F6EA1-1ADC-4160-B0DF-D2142D7947D2}.Release|Any CPU.ActiveCfg = Release|Any CPU
		{8D8F6EA1-1ADC-4160-B0DF-D2142D7947D2}.Release|Any CPU.Build.0 = Release|Any CPU
		{2940152C-964E-4C2A-88B3-5E4A5A9CACDB}.Debug|Any CPU.ActiveCfg = Debug|Any CPU
		{2940152C-964E-4C2A-88B3-5E4A5A9CACDB}.Debug|Any CPU.Build.0 = Debug|Any CPU
		{2940152C-964E-4C2A-88B3-5E4A5A9CACDB}.Release|Any CPU.ActiveCfg = Release|Any CPU
		{2940152C-964E-4C2A-88B3-5E4A5A9CACDB}.Release|Any CPU.Build.0 = Release|Any CPU
	EndGlobalSection
	GlobalSection(SolutionProperties) = preSolution
		HideSolutionNode = FALSE
	EndGlobalSection
	GlobalSection(NestedProjects) = preSolution
		{B81A9462-30C5-4D99-A5ED-868B825E9A9A} = {02EA681E-C7D8-13C7-8484-4AC65E1B71E8}
		{FE155F2E-7FB4-4787-B49F-1A77FA3A2221} = {02EA681E-C7D8-13C7-8484-4AC65E1B71E8}
		{0A7E81B5-C574-4544-B485-776B9D93D598} = {02EA681E-C7D8-13C7-8484-4AC65E1B71E8}
		{F91981AB-4FFA-4984-A9F6-929751E8144F} = {02EA681E-C7D8-13C7-8484-4AC65E1B71E8}
		{8D05C5A2-D032-4F2D-A6C9-4FC5238CA6E7} = {B81A9462-30C5-4D99-A5ED-868B825E9A9A}
		{275B01EC-64F9-4DD5-A7C3-CD809293928A} = {B81A9462-30C5-4D99-A5ED-868B825E9A9A}
		{72F4C486-36EF-4FBA-8D13-083D1940764C} = {F91981AB-4FFA-4984-A9F6-929751E8144F}
		{C3477917-C1F7-470E-B2EF-B5C192CDBAC8} = {F91981AB-4FFA-4984-A9F6-929751E8144F}
		{8D8F6EA1-1ADC-4160-B0DF-D2142D7947D2} = {0A7E81B5-C574-4544-B485-776B9D93D598}
		{2940152C-964E-4C2A-88B3-5E4A5A9CACDB} = {7A8D72B8-9F9D-4AC5-A014-227972876AD5}
	EndGlobalSection
	GlobalSection(ExtensibilityGlobals) = postSolution
		SolutionGuid = {C1031466-5FED-4062-BB47-DA665D892F4F}
	EndGlobalSection
EndGlobal
